
Microsoft Visual Studio Solution File, Format Version 12.00
Project("{FAE04EC0-301F-11D3-BF4B-00C04F79EFBC}") = "OneBarker.StructuredLogger", "OneBarker.StructuredLogger\OneBarker.StructuredLogger.csproj", "{0F7E133A-23F6-4CCE-9FCF-63C4B5658255}"
EndProject
Global
	GlobalSection(SolutionConfigurationPlatforms) = preSolution
		Debug|Any CPU = Debug|Any CPU
		Release|Any CPU = Release|Any CPU
	EndGlobalSection
	GlobalSection(ProjectConfigurationPlatforms) = postSolution
		{0F7E133A-23F6-4CCE-9FCF-63C4B5658255}.Debug|Any CPU.ActiveCfg = Debug|Any CPU
		{0F7E133A-23F6-4CCE-9FCF-63C4B5658255}.Debug|Any CPU.Build.0 = Debug|Any CPU
		{0F7E133A-23F6-4CCE-9FCF-63C4B5658255}.Release|Any CPU.ActiveCfg = Release|Any CPU
		{0F7E133A-23F6-4CCE-9FCF-63C4B5658255}.Release|Any CPU.Build.0 = Release|Any CPU
	EndGlobalSection
EndGlobal
